
Microsoft Visual Studio Solution File, Format Version 12.00
# Visual Studio Version 17
VisualStudioVersion = 17.1.32319.34
MinimumVisualStudioVersion = 10.0.40219.1
Project("{9A19103F-16F7-4668-BE54-9A1E7A4F7556}") = "TesseractEngine-Core", "TesseractEngine-Core\TesseractEngine-Core.csproj", "{BE8692B9-BF35-4166-8A9F-26B558D5674E}"
EndProject
Project("{9A19103F-16F7-4668-BE54-9A1E7A4F7556}") = "TesseractEngine-SDL2", "TesseractEngine-SDL2\TesseractEngine-SDL2.csproj", "{0D6DDD5A-7147-4BAD-A30E-7B6D77FC08B3}"
EndProject
Project("{9A19103F-16F7-4668-BE54-9A1E7A4F7556}") = "TesseractEngine-GL", "TesseractEngine-GL\TesseractEngine-GL.csproj", "{DA38E1CA-7A05-4AE8-84A8-3F239AE64B1E}"
EndProject
Project("{2150E333-8FDC-42A3-9474-1A3956D46DE8}") = "Generated", "Generated", "{AB5AA6A5-E78C-4A77-9867-4A351C77B51D}"
	ProjectSection(SolutionItems) = preProject
		Generated\glenums.out.txt = Generated\glenums.out.txt
		Generated\glenums.txt = Generated\glenums.txt
		Generated\glew.h = Generated\glew.h
		Generated\glgen.lua = Generated\glgen.lua
	EndProjectSection
EndProject
Project("{9A19103F-16F7-4668-BE54-9A1E7A4F7556}") = "TesseractEngine-Vulkan", "TesseractEngine-Vulkan\TesseractEngine-Vulkan.csproj", "{C2F385DD-5DB6-4C92-9660-434B60A4A56F}"
EndProject
Project("{2150E333-8FDC-42A3-9474-1A3956D46DE8}") = "Reference", "Reference", "{F6247136-5939-4C3C-B04D-FCE1AF08913B}"
	ProjectSection(SolutionItems) = preProject
		Reference\shader.json = Reference\shader.json
	EndProjectSection
EndProject
Project("{9A19103F-16F7-4668-BE54-9A1E7A4F7556}") = "TesseractEngine-GLFW", "TesseractEngine-GLFW\TesseractEngine-GLFW.csproj", "{CA2EEDC1-C4CB-4EE8-B131-FDB40CD9CA85}"
EndProject
Project("{9A19103F-16F7-4668-BE54-9A1E7A4F7556}") = "TesseractEngine-Utilities", "TesseractEngine-Utilities\TesseractEngine-Utilities.csproj", "{3BCDD368-BC04-4E6B-83A7-0951AB125169}"
EndProject
Project("{9A19103F-16F7-4668-BE54-9A1E7A4F7556}") = "TesseractEngine-LMDB", "TesseractEngine-LMDB\TesseractEngine-LMDB.csproj", "{FF9D16C2-344B-46CA-A66C-73F921094F55}"
EndProject
Project("{9A19103F-16F7-4668-BE54-9A1E7A4F7556}") = "TesseractEngine-AL", "TesseractEngine-AL\TesseractEngine-AL.csproj", "{5A243E15-C1A0-4210-89D8-A296ECF0CD02}"
EndProject
Project("{9A19103F-16F7-4668-BE54-9A1E7A4F7556}") = "TesseractEngine-ImGui", "TesseractEngine-ImGui\TesseractEngine-ImGui.csproj", "{1CBD56D7-57BD-4D92-872B-9D1B44054154}"
EndProject
Project("{9A19103F-16F7-4668-BE54-9A1E7A4F7556}") = "TesseractEngine-Engine2D", "TesseractEngine-Engine2D\TesseractEngine-Engine2D.csproj", "{7166552D-E01E-498A-BAA8-29FD79C922EB}"
EndProject
Project("{8BC9CEB8-8B4A-11D0-8D11-00A0C91BC942}") = "TesseractEngine-ImGui-CLI", "TesseractEngine-ImGui-CLI\TesseractEngine-ImGui-CLI.vcxproj", "{A2941801-C897-4DBF-9774-B6F193521427}"
EndProject
Project("{9A19103F-16F7-4668-BE54-9A1E7A4F7556}") = "TesseractEngine-ImGui-SDL2", "TesseractEngine-ImGui-SDL2\TesseractEngine-ImGui-SDL2.csproj", "{13EAB341-B99F-41E7-A8A1-2C74C47F9C17}"
EndProject
Project("{9A19103F-16F7-4668-BE54-9A1E7A4F7556}") = "TesseractEngine-ImGui-OpenGL", "TesseractEngine-ImGui-OpenGL\TesseractEngine-ImGui-OpenGL.csproj", "{53C72575-1218-4752-888D-95C820AF1F27}"
EndProject
Project("{FAE04EC0-301F-11D3-BF4B-00C04F79EFBC}") = "TesseractEngine-Box2D", "TesseractEngine-Box2D\TesseractEngine-Box2D.csproj", "{1D45081E-9278-4D8B-BC0A-E932D8820D39}"
EndProject
Project("{9A19103F-16F7-4668-BE54-9A1E7A4F7556}") = "TesseractEngine-SDL2-OpenGL", "TesseractEngine-SDL2-OpenGL\TesseractEngine-SDL2-OpenGL.csproj", "{86E7031E-C56B-4A27-A8D1-4B8AD7CE55DF}"
EndProject
Project("{9A19103F-16F7-4668-BE54-9A1E7A4F7556}") = "TesseractEngine-SDL2-Vulkan", "TesseractEngine-SDL2-Vulkan\TesseractEngine-SDL2-Vulkan.csproj", "{841DB2D5-EA88-4BB2-80D3-1FA6FF0C3C10}"
EndProject
Project("{9A19103F-16F7-4668-BE54-9A1E7A4F7556}") = "TesseractEngine-GLFW-OpenGL", "TesseractEngine-GLFW-OpenGL\TesseractEngine-GLFW-OpenGL.csproj", "{F108ECB2-6A9C-47B3-991D-FCDEE051269F}"
EndProject
Project("{9A19103F-16F7-4668-BE54-9A1E7A4F7556}") = "TesseractEngine-GLFW-Vulkan", "TesseractEngine-GLFW-Vulkan\TesseractEngine-GLFW-Vulkan.csproj", "{2836A9E5-9919-4B41-A800-792644696B04}"
EndProject
Project("{2150E333-8FDC-42A3-9474-1A3956D46DE8}") = "DirectX", "DirectX", "{548E504F-55FB-486E-856F-D8AB8E231957}"
EndProject
Project("{9A19103F-16F7-4668-BE54-9A1E7A4F7556}") = "TesseractEngine-DirectX", "TesseractEngine-DirectX\TesseractEngine-DirectX.csproj", "{7538F70D-7148-4B4A-97C7-C3096F7C5DB6}"
EndProject
Project("{9A19103F-16F7-4668-BE54-9A1E7A4F7556}") = "TesseractEngine-Win32", "TesseractEngine-Win32\TesseractEngine-Win32.csproj", "{943484D9-F50E-420F-A5C7-3EF82718A361}"
EndProject
Project("{2150E333-8FDC-42A3-9474-1A3956D46DE8}") = "wine", "wine", "{F74A7952-E53D-41DD-A4F0-B96951F47E75}"
	ProjectSection(SolutionItems) = preProject
		Reference\DirectX\wine\d2d1.idl = Reference\DirectX\wine\d2d1.idl
		Reference\DirectX\wine\d2d1effectauthor.idl = Reference\DirectX\wine\d2d1effectauthor.idl
		Reference\DirectX\wine\d2d1effects.idl = Reference\DirectX\wine\d2d1effects.idl
		Reference\DirectX\wine\d2d1effects_1.idl = Reference\DirectX\wine\d2d1effects_1.idl
		Reference\DirectX\wine\d2d1effects_2.idl = Reference\DirectX\wine\d2d1effects_2.idl
		Reference\DirectX\wine\d2d1_1.idl = Reference\DirectX\wine\d2d1_1.idl
		Reference\DirectX\wine\d2d1_2.idl = Reference\DirectX\wine\d2d1_2.idl
		Reference\DirectX\wine\d2d1_3.idl = Reference\DirectX\wine\d2d1_3.idl
		Reference\DirectX\wine\d2dbasetypes.h = Reference\DirectX\wine\d2dbasetypes.h
		Reference\DirectX\wine\d2derr.h = Reference\DirectX\wine\d2derr.h
		Reference\DirectX\wine\d3d.h = Reference\DirectX\wine\d3d.h
		Reference\DirectX\wine\d3d10.idl = Reference\DirectX\wine\d3d10.idl
		Reference\DirectX\wine\d3d10effect.h = Reference\DirectX\wine\d3d10effect.h
		Reference\DirectX\wine\d3d10misc.h = Reference\DirectX\wine\d3d10misc.h
		Reference\DirectX\wine\d3d10sdklayers.idl = Reference\DirectX\wine\d3d10sdklayers.idl
		Reference\DirectX\wine\d3d10shader.h = Reference\DirectX\wine\d3d10shader.h
		Reference\DirectX\wine\d3d10_1.idl = Reference\DirectX\wine\d3d10_1.idl
		Reference\DirectX\wine\d3d10_1shader.h = Reference\DirectX\wine\d3d10_1shader.h
		Reference\DirectX\wine\d3d11.idl = Reference\DirectX\wine\d3d11.idl
		Reference\DirectX\wine\d3d11on12.idl = Reference\DirectX\wine\d3d11on12.idl
		Reference\DirectX\wine\d3d11sdklayers.idl = Reference\DirectX\wine\d3d11sdklayers.idl
		Reference\DirectX\wine\d3d11shader.h = Reference\DirectX\wine\d3d11shader.h
		Reference\DirectX\wine\d3d11_1.idl = Reference\DirectX\wine\d3d11_1.idl
		Reference\DirectX\wine\d3d11_2.idl = Reference\DirectX\wine\d3d11_2.idl
		Reference\DirectX\wine\d3d11_3.idl = Reference\DirectX\wine\d3d11_3.idl
		Reference\DirectX\wine\d3d11_4.idl = Reference\DirectX\wine\d3d11_4.idl
		Reference\DirectX\wine\d3d12.idl = Reference\DirectX\wine\d3d12.idl
		Reference\DirectX\wine\d3d12sdklayers.idl = Reference\DirectX\wine\d3d12sdklayers.idl
		Reference\DirectX\wine\d3d12shader.idl = Reference\DirectX\wine\d3d12shader.idl
		Reference\DirectX\wine\d3d9.h = Reference\DirectX\wine\d3d9.h
		Reference\DirectX\wine\d3d9caps.h = Reference\DirectX\wine\d3d9caps.h
		Reference\DirectX\wine\d3d9types.h = Reference\DirectX\wine\d3d9types.h
		Reference\DirectX\wine\d3dcaps.h = Reference\DirectX\wine\d3dcaps.h
		Reference\DirectX\wine\d3dcommon.idl = Reference\DirectX\wine\d3dcommon.idl
		Reference\DirectX\wine\d3dcompiler.h = Reference\DirectX\wine\d3dcompiler.h
		Reference\DirectX\wine\d3dhal.h = Reference\DirectX\wine\d3dhal.h
		Reference\DirectX\wine\d3dkmdt.h = Reference\DirectX\wine\d3dkmdt.h
		Reference\DirectX\wine\d3drm.h = Reference\DirectX\wine\d3drm.h
		Reference\DirectX\wine\d3drmdef.h = Reference\DirectX\wine\d3drmdef.h
		Reference\DirectX\wine\d3drmobj.h = Reference\DirectX\wine\d3drmobj.h
		Reference\DirectX\wine\d3drmwin.h = Reference\DirectX\wine\d3drmwin.h
		Reference\DirectX\wine\d3dtypes.h = Reference\DirectX\wine\d3dtypes.h
		Reference\DirectX\wine\d3dukmdt.h = Reference\DirectX\wine\d3dukmdt.h
		Reference\DirectX\wine\d3dvec.inl = Reference\DirectX\wine\d3dvec.inl
		Reference\DirectX\wine\d3dx10.h = Reference\DirectX\wine\d3dx10.h
		Reference\DirectX\wine\d3dx10async.h = Reference\DirectX\wine\d3dx10async.h
		Reference\DirectX\wine\d3dx10core.h = Reference\DirectX\wine\d3dx10core.h
		Reference\DirectX\wine\d3dx10math.h = Reference\DirectX\wine\d3dx10math.h
		Reference\DirectX\wine\d3dx10mesh.h = Reference\DirectX\wine\d3dx10mesh.h
		Reference\DirectX\wine\d3dx10tex.h = Reference\DirectX\wine\d3dx10tex.h
		Reference\DirectX\wine\d3dx11.h = Reference\DirectX\wine\d3dx11.h
		Reference\DirectX\wine\d3dx11async.h = Reference\DirectX\wine\d3dx11async.h
		Reference\DirectX\wine\d3dx11core.idl = Reference\DirectX\wine\d3dx11core.idl
		Reference\DirectX\wine\d3dx11tex.h = Reference\DirectX\wine\d3dx11tex.h
		Reference\DirectX\wine\d3dx9.h = Reference\DirectX\wine\d3dx9.h
		Reference\DirectX\wine\d3dx9anim.h = Reference\DirectX\wine\d3dx9anim.h
		Reference\DirectX\wine\d3dx9core.h = Reference\DirectX\wine\d3dx9core.h
		Reference\DirectX\wine\d3dx9effect.h = Reference\DirectX\wine\d3dx9effect.h
		Reference\DirectX\wine\d3dx9math.h = Reference\DirectX\wine\d3dx9math.h
		Reference\DirectX\wine\d3dx9math.inl = Reference\DirectX\wine\d3dx9math.inl
		Reference\DirectX\wine\d3dx9mesh.h = Reference\DirectX\wine\d3dx9mesh.h
		Reference\DirectX\wine\d3dx9shader.h = Reference\DirectX\wine\d3dx9shader.h
		Reference\DirectX\wine\d3dx9shape.h = Reference\DirectX\wine\d3dx9shape.h
		Reference\DirectX\wine\d3dx9tex.h = Reference\DirectX\wine\d3dx9tex.h
		Reference\DirectX\wine\d3dx9xof.h = Reference\DirectX\wine\d3dx9xof.h
		Reference\DirectX\wine\dcommon.idl = Reference\DirectX\wine\dcommon.idl
		Reference\DirectX\wine\dwrite.idl = Reference\DirectX\wine\dwrite.idl
		Reference\DirectX\wine\dwrite_1.idl = Reference\DirectX\wine\dwrite_1.idl
		Reference\DirectX\wine\dwrite_2.idl = Reference\DirectX\wine\dwrite_2.idl
		Reference\DirectX\wine\dwrite_3.idl = Reference\DirectX\wine\dwrite_3.idl
		Reference\DirectX\wine\dxerr8.h = Reference\DirectX\wine\dxerr8.h
		Reference\DirectX\wine\dxerr9.h = Reference\DirectX\wine\dxerr9.h
		Reference\DirectX\wine\dxgi.idl = Reference\DirectX\wine\dxgi.idl
		Reference\DirectX\wine\dxgi1_2.idl = Reference\DirectX\wine\dxgi1_2.idl
		Reference\DirectX\wine\dxgi1_3.idl = Reference\DirectX\wine\dxgi1_3.idl
		Reference\DirectX\wine\dxgi1_4.idl = Reference\DirectX\wine\dxgi1_4.idl
		Reference\DirectX\wine\dxgi1_5.idl = Reference\DirectX\wine\dxgi1_5.idl
		Reference\DirectX\wine\dxgi1_6.idl = Reference\DirectX\wine\dxgi1_6.idl
		Reference\DirectX\wine\dxgicommon.idl = Reference\DirectX\wine\dxgicommon.idl
		Reference\DirectX\wine\dxgidebug.idl = Reference\DirectX\wine\dxgidebug.idl
		Reference\DirectX\wine\dxgiformat.idl = Reference\DirectX\wine\dxgiformat.idl
		Reference\DirectX\wine\dxgitype.idl = Reference\DirectX\wine\dxgitype.idl
	EndProjectSection
EndProject
Project("{2150E333-8FDC-42A3-9474-1A3956D46DE8}") = "directx-headers", "directx-headers", "{B1D83660-5E83-4525-9294-D2D49EE94F20}"
EndProject
Project("{2150E333-8FDC-42A3-9474-1A3956D46DE8}") = "directx", "directx", "{BA980566-2893-4A8A-9310-6A791B830632}"
	ProjectSection(SolutionItems) = preProject
		Reference\DirectX\directx-headers\directx\d3d12.h = Reference\DirectX\directx-headers\directx\d3d12.h
		Reference\DirectX\directx-headers\directx\d3d12.idl = Reference\DirectX\directx-headers\directx\d3d12.idl
		Reference\DirectX\directx-headers\directx\d3d12compatibility.h = Reference\DirectX\directx-headers\directx\d3d12compatibility.h
		Reference\DirectX\directx-headers\directx\d3d12compatibility.idl = Reference\DirectX\directx-headers\directx\d3d12compatibility.idl
		Reference\DirectX\directx-headers\directx\d3d12sdklayers.h = Reference\DirectX\directx-headers\directx\d3d12sdklayers.h
		Reference\DirectX\directx-headers\directx\d3d12sdklayers.idl = Reference\DirectX\directx-headers\directx\d3d12sdklayers.idl
		Reference\DirectX\directx-headers\directx\d3d12shader.h = Reference\DirectX\directx-headers\directx\d3d12shader.h
		Reference\DirectX\directx-headers\directx\d3d12video.h = Reference\DirectX\directx-headers\directx\d3d12video.h
		Reference\DirectX\directx-headers\directx\d3d12video.idl = Reference\DirectX\directx-headers\directx\d3d12video.idl
		Reference\DirectX\directx-headers\directx\d3dcommon.h = Reference\DirectX\directx-headers\directx\d3dcommon.h
		Reference\DirectX\directx-headers\directx\d3dcommon.idl = Reference\DirectX\directx-headers\directx\d3dcommon.idl
		Reference\DirectX\directx-headers\directx\d3dx12.h = Reference\DirectX\directx-headers\directx\d3dx12.h
		Reference\DirectX\directx-headers\directx\dxcore.h = Reference\DirectX\directx-headers\directx\dxcore.h
		Reference\DirectX\directx-headers\directx\dxcore_interface.h = Reference\DirectX\directx-headers\directx\dxcore_interface.h
		Reference\DirectX\directx-headers\directx\dxgicommon.h = Reference\DirectX\directx-headers\directx\dxgicommon.h
		Reference\DirectX\directx-headers\directx\dxgicommon.idl = Reference\DirectX\directx-headers\directx\dxgicommon.idl
		Reference\DirectX\directx-headers\directx\dxgiformat.h = Reference\DirectX\directx-headers\directx\dxgiformat.h
		Reference\DirectX\directx-headers\directx\dxgiformat.idl = Reference\DirectX\directx-headers\directx\dxgiformat.idl
	EndProjectSection
EndProject
Global
	GlobalSection(SolutionConfigurationPlatforms) = preSolution
		Debug|Any CPU = Debug|Any CPU
		Debug|x64 = Debug|x64
		Debug|x86 = Debug|x86
		Release|Any CPU = Release|Any CPU
		Release|x64 = Release|x64
		Release|x86 = Release|x86
	EndGlobalSection
	GlobalSection(ProjectConfigurationPlatforms) = postSolution
		{BE8692B9-BF35-4166-8A9F-26B558D5674E}.Debug|Any CPU.ActiveCfg = Debug|Any CPU
		{BE8692B9-BF35-4166-8A9F-26B558D5674E}.Debug|Any CPU.Build.0 = Debug|Any CPU
		{BE8692B9-BF35-4166-8A9F-26B558D5674E}.Debug|x64.ActiveCfg = Debug|Any CPU
		{BE8692B9-BF35-4166-8A9F-26B558D5674E}.Debug|x64.Build.0 = Debug|Any CPU
		{BE8692B9-BF35-4166-8A9F-26B558D5674E}.Debug|x86.ActiveCfg = Debug|Any CPU
		{BE8692B9-BF35-4166-8A9F-26B558D5674E}.Debug|x86.Build.0 = Debug|Any CPU
		{BE8692B9-BF35-4166-8A9F-26B558D5674E}.Release|Any CPU.ActiveCfg = Release|Any CPU
		{BE8692B9-BF35-4166-8A9F-26B558D5674E}.Release|Any CPU.Build.0 = Release|Any CPU
		{BE8692B9-BF35-4166-8A9F-26B558D5674E}.Release|x64.ActiveCfg = Release|Any CPU
		{BE8692B9-BF35-4166-8A9F-26B558D5674E}.Release|x64.Build.0 = Release|Any CPU
		{BE8692B9-BF35-4166-8A9F-26B558D5674E}.Release|x86.ActiveCfg = Release|Any CPU
		{BE8692B9-BF35-4166-8A9F-26B558D5674E}.Release|x86.Build.0 = Release|Any CPU
		{0D6DDD5A-7147-4BAD-A30E-7B6D77FC08B3}.Debug|Any CPU.ActiveCfg = Debug|Any CPU
		{0D6DDD5A-7147-4BAD-A30E-7B6D77FC08B3}.Debug|Any CPU.Build.0 = Debug|Any CPU
		{0D6DDD5A-7147-4BAD-A30E-7B6D77FC08B3}.Debug|x64.ActiveCfg = Debug|Any CPU
		{0D6DDD5A-7147-4BAD-A30E-7B6D77FC08B3}.Debug|x64.Build.0 = Debug|Any CPU
		{0D6DDD5A-7147-4BAD-A30E-7B6D77FC08B3}.Debug|x86.ActiveCfg = Debug|Any CPU
		{0D6DDD5A-7147-4BAD-A30E-7B6D77FC08B3}.Debug|x86.Build.0 = Debug|Any CPU
		{0D6DDD5A-7147-4BAD-A30E-7B6D77FC08B3}.Release|Any CPU.ActiveCfg = Release|Any CPU
		{0D6DDD5A-7147-4BAD-A30E-7B6D77FC08B3}.Release|Any CPU.Build.0 = Release|Any CPU
		{0D6DDD5A-7147-4BAD-A30E-7B6D77FC08B3}.Release|x64.ActiveCfg = Release|Any CPU
		{0D6DDD5A-7147-4BAD-A30E-7B6D77FC08B3}.Release|x64.Build.0 = Release|Any CPU
		{0D6DDD5A-7147-4BAD-A30E-7B6D77FC08B3}.Release|x86.ActiveCfg = Release|Any CPU
		{0D6DDD5A-7147-4BAD-A30E-7B6D77FC08B3}.Release|x86.Build.0 = Release|Any CPU
		{DA38E1CA-7A05-4AE8-84A8-3F239AE64B1E}.Debug|Any CPU.ActiveCfg = Debug|Any CPU
		{DA38E1CA-7A05-4AE8-84A8-3F239AE64B1E}.Debug|Any CPU.Build.0 = Debug|Any CPU
		{DA38E1CA-7A05-4AE8-84A8-3F239AE64B1E}.Debug|x64.ActiveCfg = Debug|Any CPU
		{DA38E1CA-7A05-4AE8-84A8-3F239AE64B1E}.Debug|x64.Build.0 = Debug|Any CPU
		{DA38E1CA-7A05-4AE8-84A8-3F239AE64B1E}.Debug|x86.ActiveCfg = Debug|Any CPU
		{DA38E1CA-7A05-4AE8-84A8-3F239AE64B1E}.Debug|x86.Build.0 = Debug|Any CPU
		{DA38E1CA-7A05-4AE8-84A8-3F239AE64B1E}.Release|Any CPU.ActiveCfg = Release|Any CPU
		{DA38E1CA-7A05-4AE8-84A8-3F239AE64B1E}.Release|Any CPU.Build.0 = Release|Any CPU
		{DA38E1CA-7A05-4AE8-84A8-3F239AE64B1E}.Release|x64.ActiveCfg = Release|Any CPU
		{DA38E1CA-7A05-4AE8-84A8-3F239AE64B1E}.Release|x64.Build.0 = Release|Any CPU
		{DA38E1CA-7A05-4AE8-84A8-3F239AE64B1E}.Release|x86.ActiveCfg = Release|Any CPU
		{DA38E1CA-7A05-4AE8-84A8-3F239AE64B1E}.Release|x86.Build.0 = Release|Any CPU
		{C2F385DD-5DB6-4C92-9660-434B60A4A56F}.Debug|Any CPU.ActiveCfg = Debug|Any CPU
		{C2F385DD-5DB6-4C92-9660-434B60A4A56F}.Debug|Any CPU.Build.0 = Debug|Any CPU
		{C2F385DD-5DB6-4C92-9660-434B60A4A56F}.Debug|x64.ActiveCfg = Debug|Any CPU
		{C2F385DD-5DB6-4C92-9660-434B60A4A56F}.Debug|x64.Build.0 = Debug|Any CPU
		{C2F385DD-5DB6-4C92-9660-434B60A4A56F}.Debug|x86.ActiveCfg = Debug|Any CPU
		{C2F385DD-5DB6-4C92-9660-434B60A4A56F}.Debug|x86.Build.0 = Debug|Any CPU
		{C2F385DD-5DB6-4C92-9660-434B60A4A56F}.Release|Any CPU.ActiveCfg = Release|Any CPU
		{C2F385DD-5DB6-4C92-9660-434B60A4A56F}.Release|Any CPU.Build.0 = Release|Any CPU
		{C2F385DD-5DB6-4C92-9660-434B60A4A56F}.Release|x64.ActiveCfg = Release|Any CPU
		{C2F385DD-5DB6-4C92-9660-434B60A4A56F}.Release|x64.Build.0 = Release|Any CPU
		{C2F385DD-5DB6-4C92-9660-434B60A4A56F}.Release|x86.ActiveCfg = Release|Any CPU
		{C2F385DD-5DB6-4C92-9660-434B60A4A56F}.Release|x86.Build.0 = Release|Any CPU
		{CA2EEDC1-C4CB-4EE8-B131-FDB40CD9CA85}.Debug|Any CPU.ActiveCfg = Debug|Any CPU
		{CA2EEDC1-C4CB-4EE8-B131-FDB40CD9CA85}.Debug|Any CPU.Build.0 = Debug|Any CPU
		{CA2EEDC1-C4CB-4EE8-B131-FDB40CD9CA85}.Debug|x64.ActiveCfg = Debug|Any CPU
		{CA2EEDC1-C4CB-4EE8-B131-FDB40CD9CA85}.Debug|x64.Build.0 = Debug|Any CPU
		{CA2EEDC1-C4CB-4EE8-B131-FDB40CD9CA85}.Debug|x86.ActiveCfg = Debug|Any CPU
		{CA2EEDC1-C4CB-4EE8-B131-FDB40CD9CA85}.Debug|x86.Build.0 = Debug|Any CPU
		{CA2EEDC1-C4CB-4EE8-B131-FDB40CD9CA85}.Release|Any CPU.ActiveCfg = Release|Any CPU
		{CA2EEDC1-C4CB-4EE8-B131-FDB40CD9CA85}.Release|Any CPU.Build.0 = Release|Any CPU
		{CA2EEDC1-C4CB-4EE8-B131-FDB40CD9CA85}.Release|x64.ActiveCfg = Release|Any CPU
		{CA2EEDC1-C4CB-4EE8-B131-FDB40CD9CA85}.Release|x64.Build.0 = Release|Any CPU
		{CA2EEDC1-C4CB-4EE8-B131-FDB40CD9CA85}.Release|x86.ActiveCfg = Release|Any CPU
		{CA2EEDC1-C4CB-4EE8-B131-FDB40CD9CA85}.Release|x86.Build.0 = Release|Any CPU
		{3BCDD368-BC04-4E6B-83A7-0951AB125169}.Debug|Any CPU.ActiveCfg = Debug|Any CPU
		{3BCDD368-BC04-4E6B-83A7-0951AB125169}.Debug|Any CPU.Build.0 = Debug|Any CPU
		{3BCDD368-BC04-4E6B-83A7-0951AB125169}.Debug|x64.ActiveCfg = Debug|Any CPU
		{3BCDD368-BC04-4E6B-83A7-0951AB125169}.Debug|x64.Build.0 = Debug|Any CPU
		{3BCDD368-BC04-4E6B-83A7-0951AB125169}.Debug|x86.ActiveCfg = Debug|Any CPU
		{3BCDD368-BC04-4E6B-83A7-0951AB125169}.Debug|x86.Build.0 = Debug|Any CPU
		{3BCDD368-BC04-4E6B-83A7-0951AB125169}.Release|Any CPU.ActiveCfg = Release|Any CPU
		{3BCDD368-BC04-4E6B-83A7-0951AB125169}.Release|Any CPU.Build.0 = Release|Any CPU
		{3BCDD368-BC04-4E6B-83A7-0951AB125169}.Release|x64.ActiveCfg = Release|Any CPU
		{3BCDD368-BC04-4E6B-83A7-0951AB125169}.Release|x64.Build.0 = Release|Any CPU
		{3BCDD368-BC04-4E6B-83A7-0951AB125169}.Release|x86.ActiveCfg = Release|Any CPU
		{3BCDD368-BC04-4E6B-83A7-0951AB125169}.Release|x86.Build.0 = Release|Any CPU
		{FF9D16C2-344B-46CA-A66C-73F921094F55}.Debug|Any CPU.ActiveCfg = Debug|Any CPU
		{FF9D16C2-344B-46CA-A66C-73F921094F55}.Debug|Any CPU.Build.0 = Debug|Any CPU
		{FF9D16C2-344B-46CA-A66C-73F921094F55}.Debug|x64.ActiveCfg = Debug|Any CPU
		{FF9D16C2-344B-46CA-A66C-73F921094F55}.Debug|x64.Build.0 = Debug|Any CPU
		{FF9D16C2-344B-46CA-A66C-73F921094F55}.Debug|x86.ActiveCfg = Debug|Any CPU
		{FF9D16C2-344B-46CA-A66C-73F921094F55}.Debug|x86.Build.0 = Debug|Any CPU
		{FF9D16C2-344B-46CA-A66C-73F921094F55}.Release|Any CPU.ActiveCfg = Release|Any CPU
		{FF9D16C2-344B-46CA-A66C-73F921094F55}.Release|Any CPU.Build.0 = Release|Any CPU
		{FF9D16C2-344B-46CA-A66C-73F921094F55}.Release|x64.ActiveCfg = Release|Any CPU
		{FF9D16C2-344B-46CA-A66C-73F921094F55}.Release|x64.Build.0 = Release|Any CPU
		{FF9D16C2-344B-46CA-A66C-73F921094F55}.Release|x86.ActiveCfg = Release|Any CPU
		{FF9D16C2-344B-46CA-A66C-73F921094F55}.Release|x86.Build.0 = Release|Any CPU
		{5A243E15-C1A0-4210-89D8-A296ECF0CD02}.Debug|Any CPU.ActiveCfg = Debug|Any CPU
		{5A243E15-C1A0-4210-89D8-A296ECF0CD02}.Debug|Any CPU.Build.0 = Debug|Any CPU
		{5A243E15-C1A0-4210-89D8-A296ECF0CD02}.Debug|x64.ActiveCfg = Debug|Any CPU
		{5A243E15-C1A0-4210-89D8-A296ECF0CD02}.Debug|x64.Build.0 = Debug|Any CPU
		{5A243E15-C1A0-4210-89D8-A296ECF0CD02}.Debug|x86.ActiveCfg = Debug|Any CPU
		{5A243E15-C1A0-4210-89D8-A296ECF0CD02}.Debug|x86.Build.0 = Debug|Any CPU
		{5A243E15-C1A0-4210-89D8-A296ECF0CD02}.Release|Any CPU.ActiveCfg = Release|Any CPU
		{5A243E15-C1A0-4210-89D8-A296ECF0CD02}.Release|Any CPU.Build.0 = Release|Any CPU
		{5A243E15-C1A0-4210-89D8-A296ECF0CD02}.Release|x64.ActiveCfg = Release|Any CPU
		{5A243E15-C1A0-4210-89D8-A296ECF0CD02}.Release|x64.Build.0 = Release|Any CPU
		{5A243E15-C1A0-4210-89D8-A296ECF0CD02}.Release|x86.ActiveCfg = Release|Any CPU
		{5A243E15-C1A0-4210-89D8-A296ECF0CD02}.Release|x86.Build.0 = Release|Any CPU
		{1CBD56D7-57BD-4D92-872B-9D1B44054154}.Debug|Any CPU.ActiveCfg = Debug|Any CPU
		{1CBD56D7-57BD-4D92-872B-9D1B44054154}.Debug|Any CPU.Build.0 = Debug|Any CPU
		{1CBD56D7-57BD-4D92-872B-9D1B44054154}.Debug|x64.ActiveCfg = Debug|Any CPU
		{1CBD56D7-57BD-4D92-872B-9D1B44054154}.Debug|x64.Build.0 = Debug|Any CPU
		{1CBD56D7-57BD-4D92-872B-9D1B44054154}.Debug|x86.ActiveCfg = Debug|Any CPU
		{1CBD56D7-57BD-4D92-872B-9D1B44054154}.Debug|x86.Build.0 = Debug|Any CPU
		{1CBD56D7-57BD-4D92-872B-9D1B44054154}.Release|Any CPU.ActiveCfg = Release|Any CPU
		{1CBD56D7-57BD-4D92-872B-9D1B44054154}.Release|Any CPU.Build.0 = Release|Any CPU
		{1CBD56D7-57BD-4D92-872B-9D1B44054154}.Release|x64.ActiveCfg = Release|Any CPU
		{1CBD56D7-57BD-4D92-872B-9D1B44054154}.Release|x64.Build.0 = Release|Any CPU
		{1CBD56D7-57BD-4D92-872B-9D1B44054154}.Release|x86.ActiveCfg = Release|Any CPU
		{1CBD56D7-57BD-4D92-872B-9D1B44054154}.Release|x86.Build.0 = Release|Any CPU
		{7166552D-E01E-498A-BAA8-29FD79C922EB}.Debug|Any CPU.ActiveCfg = Debug|Any CPU
		{7166552D-E01E-498A-BAA8-29FD79C922EB}.Debug|Any CPU.Build.0 = Debug|Any CPU
		{7166552D-E01E-498A-BAA8-29FD79C922EB}.Debug|x64.ActiveCfg = Debug|Any CPU
		{7166552D-E01E-498A-BAA8-29FD79C922EB}.Debug|x64.Build.0 = Debug|Any CPU
		{7166552D-E01E-498A-BAA8-29FD79C922EB}.Debug|x86.ActiveCfg = Debug|Any CPU
		{7166552D-E01E-498A-BAA8-29FD79C922EB}.Debug|x86.Build.0 = Debug|Any CPU
		{7166552D-E01E-498A-BAA8-29FD79C922EB}.Release|Any CPU.ActiveCfg = Release|Any CPU
		{7166552D-E01E-498A-BAA8-29FD79C922EB}.Release|Any CPU.Build.0 = Release|Any CPU
		{7166552D-E01E-498A-BAA8-29FD79C922EB}.Release|x64.ActiveCfg = Release|Any CPU
		{7166552D-E01E-498A-BAA8-29FD79C922EB}.Release|x64.Build.0 = Release|Any CPU
		{7166552D-E01E-498A-BAA8-29FD79C922EB}.Release|x86.ActiveCfg = Release|Any CPU
		{7166552D-E01E-498A-BAA8-29FD79C922EB}.Release|x86.Build.0 = Release|Any CPU
		{A2941801-C897-4DBF-9774-B6F193521427}.Debug|Any CPU.ActiveCfg = Debug|x64
		{A2941801-C897-4DBF-9774-B6F193521427}.Debug|Any CPU.Build.0 = Debug|x64
		{A2941801-C897-4DBF-9774-B6F193521427}.Debug|x64.ActiveCfg = Debug|x64
		{A2941801-C897-4DBF-9774-B6F193521427}.Debug|x64.Build.0 = Debug|x64
		{A2941801-C897-4DBF-9774-B6F193521427}.Debug|x86.ActiveCfg = Debug|Win32
		{A2941801-C897-4DBF-9774-B6F193521427}.Debug|x86.Build.0 = Debug|Win32
		{A2941801-C897-4DBF-9774-B6F193521427}.Release|Any CPU.ActiveCfg = Release|x64
		{A2941801-C897-4DBF-9774-B6F193521427}.Release|Any CPU.Build.0 = Release|x64
		{A2941801-C897-4DBF-9774-B6F193521427}.Release|x64.ActiveCfg = Release|x64
		{A2941801-C897-4DBF-9774-B6F193521427}.Release|x64.Build.0 = Release|x64
		{A2941801-C897-4DBF-9774-B6F193521427}.Release|x86.ActiveCfg = Release|Win32
		{A2941801-C897-4DBF-9774-B6F193521427}.Release|x86.Build.0 = Release|Win32
		{13EAB341-B99F-41E7-A8A1-2C74C47F9C17}.Debug|Any CPU.ActiveCfg = Debug|Any CPU
		{13EAB341-B99F-41E7-A8A1-2C74C47F9C17}.Debug|Any CPU.Build.0 = Debug|Any CPU
		{13EAB341-B99F-41E7-A8A1-2C74C47F9C17}.Debug|x64.ActiveCfg = Debug|Any CPU
		{13EAB341-B99F-41E7-A8A1-2C74C47F9C17}.Debug|x64.Build.0 = Debug|Any CPU
		{13EAB341-B99F-41E7-A8A1-2C74C47F9C17}.Debug|x86.ActiveCfg = Debug|Any CPU
		{13EAB341-B99F-41E7-A8A1-2C74C47F9C17}.Debug|x86.Build.0 = Debug|Any CPU
		{13EAB341-B99F-41E7-A8A1-2C74C47F9C17}.Release|Any CPU.ActiveCfg = Release|Any CPU
		{13EAB341-B99F-41E7-A8A1-2C74C47F9C17}.Release|Any CPU.Build.0 = Release|Any CPU
		{13EAB341-B99F-41E7-A8A1-2C74C47F9C17}.Release|x64.ActiveCfg = Release|Any CPU
		{13EAB341-B99F-41E7-A8A1-2C74C47F9C17}.Release|x64.Build.0 = Release|Any CPU
		{13EAB341-B99F-41E7-A8A1-2C74C47F9C17}.Release|x86.ActiveCfg = Release|Any CPU
		{13EAB341-B99F-41E7-A8A1-2C74C47F9C17}.Release|x86.Build.0 = Release|Any CPU
		{53C72575-1218-4752-888D-95C820AF1F27}.Debug|Any CPU.ActiveCfg = Debug|Any CPU
		{53C72575-1218-4752-888D-95C820AF1F27}.Debug|Any CPU.Build.0 = Debug|Any CPU
		{53C72575-1218-4752-888D-95C820AF1F27}.Debug|x64.ActiveCfg = Debug|Any CPU
		{53C72575-1218-4752-888D-95C820AF1F27}.Debug|x64.Build.0 = Debug|Any CPU
		{53C72575-1218-4752-888D-95C820AF1F27}.Debug|x86.ActiveCfg = Debug|Any CPU
		{53C72575-1218-4752-888D-95C820AF1F27}.Debug|x86.Build.0 = Debug|Any CPU
		{53C72575-1218-4752-888D-95C820AF1F27}.Release|Any CPU.ActiveCfg = Release|Any CPU
		{53C72575-1218-4752-888D-95C820AF1F27}.Release|Any CPU.Build.0 = Release|Any CPU
		{53C72575-1218-4752-888D-95C820AF1F27}.Release|x64.ActiveCfg = Release|Any CPU
		{53C72575-1218-4752-888D-95C820AF1F27}.Release|x64.Build.0 = Release|Any CPU
		{53C72575-1218-4752-888D-95C820AF1F27}.Release|x86.ActiveCfg = Release|Any CPU
		{53C72575-1218-4752-888D-95C820AF1F27}.Release|x86.Build.0 = Release|Any CPU
		{1D45081E-9278-4D8B-BC0A-E932D8820D39}.Debug|Any CPU.ActiveCfg = Debug|Any CPU
		{1D45081E-9278-4D8B-BC0A-E932D8820D39}.Debug|Any CPU.Build.0 = Debug|Any CPU
		{1D45081E-9278-4D8B-BC0A-E932D8820D39}.Debug|x64.ActiveCfg = Debug|Any CPU
		{1D45081E-9278-4D8B-BC0A-E932D8820D39}.Debug|x64.Build.0 = Debug|Any CPU
		{1D45081E-9278-4D8B-BC0A-E932D8820D39}.Debug|x86.ActiveCfg = Debug|Any CPU
		{1D45081E-9278-4D8B-BC0A-E932D8820D39}.Debug|x86.Build.0 = Debug|Any CPU
		{1D45081E-9278-4D8B-BC0A-E932D8820D39}.Release|Any CPU.ActiveCfg = Release|Any CPU
		{1D45081E-9278-4D8B-BC0A-E932D8820D39}.Release|Any CPU.Build.0 = Release|Any CPU
		{1D45081E-9278-4D8B-BC0A-E932D8820D39}.Release|x64.ActiveCfg = Release|Any CPU
		{1D45081E-9278-4D8B-BC0A-E932D8820D39}.Release|x64.Build.0 = Release|Any CPU
		{1D45081E-9278-4D8B-BC0A-E932D8820D39}.Release|x86.ActiveCfg = Release|Any CPU
		{1D45081E-9278-4D8B-BC0A-E932D8820D39}.Release|x86.Build.0 = Release|Any CPU
		{86E7031E-C56B-4A27-A8D1-4B8AD7CE55DF}.Debug|Any CPU.ActiveCfg = Debug|Any CPU
		{86E7031E-C56B-4A27-A8D1-4B8AD7CE55DF}.Debug|Any CPU.Build.0 = Debug|Any CPU
		{86E7031E-C56B-4A27-A8D1-4B8AD7CE55DF}.Debug|x64.ActiveCfg = Debug|Any CPU
		{86E7031E-C56B-4A27-A8D1-4B8AD7CE55DF}.Debug|x64.Build.0 = Debug|Any CPU
		{86E7031E-C56B-4A27-A8D1-4B8AD7CE55DF}.Debug|x86.ActiveCfg = Debug|Any CPU
		{86E7031E-C56B-4A27-A8D1-4B8AD7CE55DF}.Debug|x86.Build.0 = Debug|Any CPU
		{86E7031E-C56B-4A27-A8D1-4B8AD7CE55DF}.Release|Any CPU.ActiveCfg = Release|Any CPU
		{86E7031E-C56B-4A27-A8D1-4B8AD7CE55DF}.Release|Any CPU.Build.0 = Release|Any CPU
		{86E7031E-C56B-4A27-A8D1-4B8AD7CE55DF}.Release|x64.ActiveCfg = Release|Any CPU
		{86E7031E-C56B-4A27-A8D1-4B8AD7CE55DF}.Release|x64.Build.0 = Release|Any CPU
		{86E7031E-C56B-4A27-A8D1-4B8AD7CE55DF}.Release|x86.ActiveCfg = Release|Any CPU
		{86E7031E-C56B-4A27-A8D1-4B8AD7CE55DF}.Release|x86.Build.0 = Release|Any CPU
		{841DB2D5-EA88-4BB2-80D3-1FA6FF0C3C10}.Debug|Any CPU.ActiveCfg = Debug|Any CPU
		{841DB2D5-EA88-4BB2-80D3-1FA6FF0C3C10}.Debug|Any CPU.Build.0 = Debug|Any CPU
		{841DB2D5-EA88-4BB2-80D3-1FA6FF0C3C10}.Debug|x64.ActiveCfg = Debug|Any CPU
		{841DB2D5-EA88-4BB2-80D3-1FA6FF0C3C10}.Debug|x64.Build.0 = Debug|Any CPU
		{841DB2D5-EA88-4BB2-80D3-1FA6FF0C3C10}.Debug|x86.ActiveCfg = Debug|Any CPU
		{841DB2D5-EA88-4BB2-80D3-1FA6FF0C3C10}.Debug|x86.Build.0 = Debug|Any CPU
		{841DB2D5-EA88-4BB2-80D3-1FA6FF0C3C10}.Release|Any CPU.ActiveCfg = Release|Any CPU
		{841DB2D5-EA88-4BB2-80D3-1FA6FF0C3C10}.Release|Any CPU.Build.0 = Release|Any CPU
		{841DB2D5-EA88-4BB2-80D3-1FA6FF0C3C10}.Release|x64.ActiveCfg = Release|Any CPU
		{841DB2D5-EA88-4BB2-80D3-1FA6FF0C3C10}.Release|x64.Build.0 = Release|Any CPU
		{841DB2D5-EA88-4BB2-80D3-1FA6FF0C3C10}.Release|x86.ActiveCfg = Release|Any CPU
		{841DB2D5-EA88-4BB2-80D3-1FA6FF0C3C10}.Release|x86.Build.0 = Release|Any CPU
		{F108ECB2-6A9C-47B3-991D-FCDEE051269F}.Debug|Any CPU.ActiveCfg = Debug|Any CPU
		{F108ECB2-6A9C-47B3-991D-FCDEE051269F}.Debug|Any CPU.Build.0 = Debug|Any CPU
		{F108ECB2-6A9C-47B3-991D-FCDEE051269F}.Debug|x64.ActiveCfg = Debug|Any CPU
		{F108ECB2-6A9C-47B3-991D-FCDEE051269F}.Debug|x64.Build.0 = Debug|Any CPU
		{F108ECB2-6A9C-47B3-991D-FCDEE051269F}.Debug|x86.ActiveCfg = Debug|Any CPU
		{F108ECB2-6A9C-47B3-991D-FCDEE051269F}.Debug|x86.Build.0 = Debug|Any CPU
		{F108ECB2-6A9C-47B3-991D-FCDEE051269F}.Release|Any CPU.ActiveCfg = Release|Any CPU
		{F108ECB2-6A9C-47B3-991D-FCDEE051269F}.Release|Any CPU.Build.0 = Release|Any CPU
		{F108ECB2-6A9C-47B3-991D-FCDEE051269F}.Release|x64.ActiveCfg = Release|Any CPU
		{F108ECB2-6A9C-47B3-991D-FCDEE051269F}.Release|x64.Build.0 = Release|Any CPU
		{F108ECB2-6A9C-47B3-991D-FCDEE051269F}.Release|x86.ActiveCfg = Release|Any CPU
		{F108ECB2-6A9C-47B3-991D-FCDEE051269F}.Release|x86.Build.0 = Release|Any CPU
		{2836A9E5-9919-4B41-A800-792644696B04}.Debug|Any CPU.ActiveCfg = Debug|Any CPU
		{2836A9E5-9919-4B41-A800-792644696B04}.Debug|Any CPU.Build.0 = Debug|Any CPU
		{2836A9E5-9919-4B41-A800-792644696B04}.Debug|x64.ActiveCfg = Debug|Any CPU
		{2836A9E5-9919-4B41-A800-792644696B04}.Debug|x64.Build.0 = Debug|Any CPU
		{2836A9E5-9919-4B41-A800-792644696B04}.Debug|x86.ActiveCfg = Debug|Any CPU
		{2836A9E5-9919-4B41-A800-792644696B04}.Debug|x86.Build.0 = Debug|Any CPU
		{2836A9E5-9919-4B41-A800-792644696B04}.Release|Any CPU.ActiveCfg = Release|Any CPU
		{2836A9E5-9919-4B41-A800-792644696B04}.Release|Any CPU.Build.0 = Release|Any CPU
		{2836A9E5-9919-4B41-A800-792644696B04}.Release|x64.ActiveCfg = Release|Any CPU
		{2836A9E5-9919-4B41-A800-792644696B04}.Release|x64.Build.0 = Release|Any CPU
		{2836A9E5-9919-4B41-A800-792644696B04}.Release|x86.ActiveCfg = Release|Any CPU
		{2836A9E5-9919-4B41-A800-792644696B04}.Release|x86.Build.0 = Release|Any CPU
		{7538F70D-7148-4B4A-97C7-C3096F7C5DB6}.Debug|Any CPU.ActiveCfg = Debug|Any CPU
		{7538F70D-7148-4B4A-97C7-C3096F7C5DB6}.Debug|Any CPU.Build.0 = Debug|Any CPU
		{7538F70D-7148-4B4A-97C7-C3096F7C5DB6}.Debug|x64.ActiveCfg = Debug|Any CPU
		{7538F70D-7148-4B4A-97C7-C3096F7C5DB6}.Debug|x64.Build.0 = Debug|Any CPU
		{7538F70D-7148-4B4A-97C7-C3096F7C5DB6}.Debug|x86.ActiveCfg = Debug|Any CPU
		{7538F70D-7148-4B4A-97C7-C3096F7C5DB6}.Debug|x86.Build.0 = Debug|Any CPU
		{7538F70D-7148-4B4A-97C7-C3096F7C5DB6}.Release|Any CPU.ActiveCfg = Release|Any CPU
		{7538F70D-7148-4B4A-97C7-C3096F7C5DB6}.Release|Any CPU.Build.0 = Release|Any CPU
		{7538F70D-7148-4B4A-97C7-C3096F7C5DB6}.Release|x64.ActiveCfg = Release|Any CPU
		{7538F70D-7148-4B4A-97C7-C3096F7C5DB6}.Release|x64.Build.0 = Release|Any CPU
		{7538F70D-7148-4B4A-97C7-C3096F7C5DB6}.Release|x86.ActiveCfg = Release|Any CPU
		{7538F70D-7148-4B4A-97C7-C3096F7C5DB6}.Release|x86.Build.0 = Release|Any CPU
		{943484D9-F50E-420F-A5C7-3EF82718A361}.Debug|Any CPU.ActiveCfg = Debug|Any CPU
		{943484D9-F50E-420F-A5C7-3EF82718A361}.Debug|Any CPU.Build.0 = Debug|Any CPU
		{943484D9-F50E-420F-A5C7-3EF82718A361}.Debug|x64.ActiveCfg = Debug|Any CPU
		{943484D9-F50E-420F-A5C7-3EF82718A361}.Debug|x64.Build.0 = Debug|Any CPU
		{943484D9-F50E-420F-A5C7-3EF82718A361}.Debug|x86.ActiveCfg = Debug|Any CPU
		{943484D9-F50E-420F-A5C7-3EF82718A361}.Debug|x86.Build.0 = Debug|Any CPU
		{943484D9-F50E-420F-A5C7-3EF82718A361}.Release|Any CPU.ActiveCfg = Release|Any CPU
		{943484D9-F50E-420F-A5C7-3EF82718A361}.Release|Any CPU.Build.0 = Release|Any CPU
		{943484D9-F50E-420F-A5C7-3EF82718A361}.Release|x64.ActiveCfg = Release|Any CPU
		{943484D9-F50E-420F-A5C7-3EF82718A361}.Release|x64.Build.0 = Release|Any CPU
		{943484D9-F50E-420F-A5C7-3EF82718A361}.Release|x86.ActiveCfg = Release|Any CPU
		{943484D9-F50E-420F-A5C7-3EF82718A361}.Release|x86.Build.0 = Release|Any CPU
	EndGlobalSection
	GlobalSection(SolutionProperties) = preSolution
		HideSolutionNode = FALSE
	EndGlobalSection
	GlobalSection(NestedProjects) = preSolution
		{548E504F-55FB-486E-856F-D8AB8E231957} = {F6247136-5939-4C3C-B04D-FCE1AF08913B}
		{F74A7952-E53D-41DD-A4F0-B96951F47E75} = {548E504F-55FB-486E-856F-D8AB8E231957}
		{B1D83660-5E83-4525-9294-D2D49EE94F20} = {548E504F-55FB-486E-856F-D8AB8E231957}
		{BA980566-2893-4A8A-9310-6A791B830632} = {B1D83660-5E83-4525-9294-D2D49EE94F20}
	EndGlobalSection
	GlobalSection(ExtensibilityGlobals) = postSolution
		SolutionGuid = {8475FECF-9DFC-451F-8479-B2C4085201EA}
	EndGlobalSection
EndGlobal
