<?xml version="1.0" encoding="utf-8"?>
<Project ToolsVersion="4.0" xmlns="http://schemas.microsoft.com/developer/msbuild/2003">
  <ItemGroup>
    <Filter Include="Header Files">
      <UniqueIdentifier>{93995380-89BD-4b04-88EB-625FBE52EBFB}</UniqueIdentifier>
      <Extensions>h;hh;hpp;hxx;h++;hm;inl;inc;ipp;xsd</Extensions>
    </Filter>
    <Filter Include="Resource Files">
      <UniqueIdentifier>{67DA6AB6-F800-4c08-8B7A-83BB121AAD01}</UniqueIdentifier>
      <Extensions>rc;ico;cur;bmp;dlg;rc2;rct;bin;rgs;gif;jpg;jpeg;jpe;resx;tiff;tif;png;wav;mfcribbon-ms</Extensions>
    </Filter>
    <Filter Include="CLI Source Files">
      <UniqueIdentifier>{deedeb09-88a8-489a-b84d-df32f86e1058}</UniqueIdentifier>
    </Filter>
    <Filter Include="C++ Source Files">
      <UniqueIdentifier>{4FC737F1-C7A5-4376-A066-2A32D752A2FF}</UniqueIdentifier>
      <Extensions>cpp;c;cc;cxx;c++;cppm;ixx;def;odl;idl;hpj;bat;asm;asmx</Extensions>
    </Filter>
  </ItemGroup>
  <ItemGroup>
    <ClInclude Include="imconfig.h">
      <Filter>Header Files</Filter>
    </ClInclude>
    <ClInclude Include="imgui.h">
      <Filter>Header Files</Filter>
    </ClInclude>
    <ClInclude Include="imgui_internal.h">
      <Filter>Header Files</Filter>
    </ClInclude>
    <ClInclude Include="imstb_rectpack.h">
      <Filter>Header Files</Filter>
    </ClInclude>
    <ClInclude Include="imstb_textedit.h">
      <Filter>Header Files</Filter>
    </ClInclude>
    <ClInclude Include="imstb_truetype.h">
      <Filter>Header Files</Filter>
    </ClInclude>
    <ClInclude Include="imgui_cli.h">
      <Filter>Header Files</Filter>
    </ClInclude>
    <ClInclude Include="TextEditor.h">
      <Filter>Header Files</Filter>
    </ClInclude>
    <ClInclude Include="imgui_notify.h">
      <Filter>Header Files</Filter>
    </ClInclude>
    <ClInclude Include="fa_solid_900.h">
      <Filter>Header Files</Filter>
    </ClInclude>
    <ClInclude Include="font_awesome_5.h">
      <Filter>Header Files</Filter>
    </ClInclude>
    <ClInclude Include="imgui-knobs.h">
      <Filter>Header Files</Filter>
    </ClInclude>
    <ClInclude Include="imspinner.h">
      <Filter>Header Files</Filter>
    </ClInclude>
    <ClInclude Include="md4c.h">
      <Filter>Header Files</Filter>
    </ClInclude>
    <ClInclude Include="imgui_md.h">
      <Filter>Header Files</Filter>
    </ClInclude>
    <ClInclude Include="imgui_cli_font.h">
      <Filter>CLI Source Files</Filter>
    </ClInclude>
    <ClInclude Include="imgui_cli_draw.h">
      <Filter>CLI Source Files</Filter>
    </ClInclude>
    <ClInclude Include="imgui_cli_style.h">
      <Filter>CLI Source Files</Filter>
    </ClInclude>
    <ClInclude Include="imgui_cli_io.h">
      <Filter>CLI Source Files</Filter>
    </ClInclude>
    <ClInclude Include="implot.h">
      <Filter>Header Files</Filter>
    </ClInclude>
    <ClInclude Include="implot_internal.h">
      <Filter>Header Files</Filter>
    </ClInclude>
    <ClInclude Include="imgui_offset_rect.h">
      <Filter>Header Files</Filter>
    </ClInclude>
    <ClInclude Include="imgui_toggle.h">
      <Filter>Header Files</Filter>
    </ClInclude>
    <ClInclude Include="imgui_toggle_math.h">
      <Filter>Header Files</Filter>
    </ClInclude>
    <ClInclude Include="imgui_toggle_palette.h">
      <Filter>Header Files</Filter>
    </ClInclude>
    <ClInclude Include="imgui_toggle_presets.h">
      <Filter>Header Files</Filter>
    </ClInclude>
    <ClInclude Include="imgui_toggle_renderer.h">
      <Filter>Header Files</Filter>
    </ClInclude>
  </ItemGroup>
  <ItemGroup>
    <ClCompile Include="imgui.cpp">
      <Filter>C++ Source Files</Filter>
    </ClCompile>
    <ClCompile Include="imgui_demo.cpp">
      <Filter>C++ Source Files</Filter>
    </ClCompile>
    <ClCompile Include="imgui_draw.cpp">
      <Filter>C++ Source Files</Filter>
    </ClCompile>
    <ClCompile Include="imgui_tables.cpp">
      <Filter>C++ Source Files</Filter>
    </ClCompile>
    <ClCompile Include="imgui_widgets.cpp">
      <Filter>C++ Source Files</Filter>
    </ClCompile>
    <ClCompile Include="TextEditor.cpp">
      <Filter>C++ Source Files</Filter>
    </ClCompile>
    <ClCompile Include="imgui_cli_textedit.cpp">
      <Filter>CLI Source Files</Filter>
    </ClCompile>
    <ClCompile Include="imgui_cli.cpp">
      <Filter>CLI Source Files</Filter>
    </ClCompile>
    <ClCompile Include="imgui_cli_notify.cpp">
      <Filter>CLI Source Files</Filter>
    </ClCompile>
    <ClCompile Include="imgui_cli_pie.cpp">
      <Filter>CLI Source Files</Filter>
    </ClCompile>
    <ClCompile Include="imgui-knobs.cpp">
      <Filter>C++ Source Files</Filter>
    </ClCompile>
    <ClCompile Include="imgui_cli_knobs.cpp">
      <Filter>CLI Source Files</Filter>
    </ClCompile>
    <ClCompile Include="imgui_cli_spinner.cpp">
      <Filter>CLI Source Files</Filter>
    </ClCompile>
    <ClCompile Include="md4c.cpp">
      <Filter>C++ Source Files</Filter>
    </ClCompile>
    <ClCompile Include="imgui_md.cpp">
      <Filter>C++ Source Files</Filter>
    </ClCompile>
    <ClCompile Include="imgui_cli_md.cpp">
      <Filter>CLI Source Files</Filter>
    </ClCompile>
    <ClCompile Include="implot.cpp">
      <Filter>C++ Source Files</Filter>
    </ClCompile>
    <ClCompile Include="implot_items.cpp">
      <Filter>C++ Source Files</Filter>
    </ClCompile>
    <ClCompile Include="imgui_cli_plot.cpp">
      <Filter>CLI Source Files</Filter>
    </ClCompile>
    <ClCompile Include="imgui_toggle.cpp">
      <Filter>C++ Source Files</Filter>
    </ClCompile>
    <ClCompile Include="imgui_toggle_palette.cpp">
      <Filter>C++ Source Files</Filter>
    </ClCompile>
    <ClCompile Include="imgui_toggle_presets.cpp">
      <Filter>C++ Source Files</Filter>
    </ClCompile>
    <ClCompile Include="imgui_toggle_renderer.cpp">
      <Filter>C++ Source Files</Filter>
    </ClCompile>
  </ItemGroup>
  <ItemGroup>
    <Text Include="LICENSE.txt" />
  </ItemGroup>
</Project>